
Microsoft Visual Studio Solution File, Format Version 12.00
# Visual Studio Version 17
VisualStudioVersion = 17.7.34024.191
MinimumVisualStudioVersion = 10.0.40219.1
Project("{FAE04EC0-301F-11D3-BF4B-00C04F79EFBC}") = "Zlote mysli", "Zlote mysli\Zlote mysli.csproj", "{15C8551D-ED83-40B6-8955-A48E82FFC50D}"
EndProject
Global
	GlobalSection(SolutionConfigurationPlatforms) = preSolution
		Debug|Any CPU = Debug|Any CPU
		Release|Any CPU = Release|Any CPU
	EndGlobalSection
	GlobalSection(ProjectConfigurationPlatforms) = postSolution
		{15C8551D-ED83-40B6-8955-A48E82FFC50D}.Debug|Any CPU.ActiveCfg = Debug|Any CPU
		{15C8551D-ED83-40B6-8955-A48E82FFC50D}.Debug|Any CPU.Build.0 = Debug|Any CPU
		{15C8551D-ED83-40B6-8955-A48E82FFC50D}.Release|Any CPU.ActiveCfg = Release|Any CPU
		{15C8551D-ED83-40B6-8955-A48E82FFC50D}.Release|Any CPU.Build.0 = Release|Any CPU
	EndGlobalSection
	GlobalSection(SolutionProperties) = preSolution
		HideSolutionNode = FALSE
	EndGlobalSection
	GlobalSection(ExtensibilityGlobals) = postSolution
		SolutionGuid = {517A18E2-3874-4E9E-8284-DD96F3693A1E}
	EndGlobalSection
EndGlobal
